// !$*UTF8*$!
{
	archiveVersion = 1;
	classes = {
	};
	objectVersion = 77;
	objects = {

/* Begin PBXContainerItemProxy section */
		5CA15D662D0BD51E0051320C /* PBXContainerItemProxy */ = {
			isa = PBXContainerItemProxy;
			containerPortal = 5CA15D482D0BD51B0051320C /* Project object */;
			proxyType = 1;
			remoteGlobalIDString = 5CA15D4F2D0BD51B0051320C;
			remoteInfo = "titanrest-final";
		};
		5CA15D702D0BD51E0051320C /* PBXContainerItemProxy */ = {
			isa = PBXContainerItemProxy;
			containerPortal = 5CA15D482D0BD51B0051320C /* Project object */;
			proxyType = 1;
			remoteGlobalIDString = 5CA15D4F2D0BD51B0051320C;
			remoteInfo = "titanrest-final";
		};
/* End PBXContainerItemProxy section */

/* Begin PBXFileReference section */
		5CA15D502D0BD51B0051320C /* titanrest-final.app */ = {isa = PBXFileReference; explicitFileType = wrapper.application; includeInIndex = 0; path = "titanrest-final.app"; sourceTree = BUILT_PRODUCTS_DIR; };
		5CA15D652D0BD51E0051320C /* titanrest-finalTests.xctest */ = {isa = PBXFileReference; explicitFileType = wrapper.cfbundle; includeInIndex = 0; path = "titanrest-finalTests.xctest"; sourceTree = BUILT_PRODUCTS_DIR; };
		5CA15D6F2D0BD51E0051320C /* titanrest-finalUITests.xctest */ = {isa = PBXFileReference; explicitFileType = wrapper.cfbundle; includeInIndex = 0; path = "titanrest-finalUITests.xctest"; sourceTree = BUILT_PRODUCTS_DIR; };
/* End PBXFileReference section */

/* Begin PBXFileSystemSynchronizedRootGroup section */
		5CA15D522D0BD51B0051320C /* titanrest-final */ = {
			isa = PBXFileSystemSynchronizedRootGroup;
			path = "titanrest-final";
			sourceTree = "<group>";
		};
		5CA15D682D0BD51E0051320C /* titanrest-finalTests */ = {
			isa = PBXFileSystemSynchronizedRootGroup;
			path = "titanrest-finalTests";
			sourceTree = "<group>";
		};
		5CA15D722D0BD51E0051320C /* titanrest-finalUITests */ = {
			isa = PBXFileSystemSynchronizedRootGroup;
			path = "titanrest-finalUITests";
			sourceTree = "<group>";
		};
/* End PBXFileSystemSynchronizedRootGroup section */

/* Begin PBXFrameworksBuildPhase section */
		5CA15D4D2D0BD51B0051320C /* Frameworks */ = {
			isa = PBXFrameworksBuildPhase;
			buildActionMask = 2147483647;
			files = (
			);
			runOnlyForDeploymentPostprocessing = 0;
		};
		5CA15D622D0BD51E0051320C /* Frameworks */ = {
			isa = PBXFrameworksBuildPhase;
			buildActionMask = 2147483647;
			files = (
			);
			runOnlyForDeploymentPostprocessing = 0;
		};
		5CA15D6C2D0BD51E0051320C /* Frameworks */ = {
			isa = PBXFrameworksBuildPhase;
			buildActionMask = 2147483647;
			files = (
			);
			runOnlyForDeploymentPostprocessing = 0;
		};
/* End PBXFrameworksBuildPhase section */

/* Begin PBXGroup section */
		5CA15D472D0BD51B0051320C = {
			isa = PBXGroup;
			children = (
				5CA15D522D0BD51B0051320C /* titanrest-final */,
				5CA15D682D0BD51E0051320C /* titanrest-finalTests */,
				5CA15D722D0BD51E0051320C /* titanrest-finalUITests */,
				5CA15D512D0BD51B0051320C /* Products */,
			);
			sourceTree = "<group>";
		};
		5CA15D512D0BD51B0051320C /* Products */ = {
			isa = PBXGroup;
			children = (
				5CA15D502D0BD51B0051320C /* titanrest-final.app */,
				5CA15D652D0BD51E0051320C /* titanrest-finalTests.xctest */,
				5CA15D6F2D0BD51E0051320C /* titanrest-finalUITests.xctest */,
			);
			name = Products;
			sourceTree = "<group>";
		};
/* End PBXGroup section */

/* Begin PBXNativeTarget section */
		5CA15D4F2D0BD51B0051320C /* titanrest-final */ = {
			isa = PBXNativeTarget;
			buildConfigurationList = 5CA15D792D0BD51E0051320C /* Build configuration list for PBXNativeTarget "titanrest-final" */;
			buildPhases = (
				5CA15D4C2D0BD51B0051320C /* Sources */,
				5CA15D4D2D0BD51B0051320C /* Frameworks */,
				5CA15D4E2D0BD51B0051320C /* Resources */,
			);
			buildRules = (
			);
			dependencies = (
			);
			fileSystemSynchronizedGroups = (
				5CA15D522D0BD51B0051320C /* titanrest-final */,
			);
			name = "titanrest-final";
			packageProductDependencies = (
			);
			productName = "titanrest-final";
			productReference = 5CA15D502D0BD51B0051320C /* titanrest-final.app */;
			productType = "com.apple.product-type.application";
		};
		5CA15D642D0BD51E0051320C /* titanrest-finalTests */ = {
			isa = PBXNativeTarget;
			buildConfigurationList = 5CA15D7C2D0BD51E0051320C /* Build configuration list for PBXNativeTarget "titanrest-finalTests" */;
			buildPhases = (
				5CA15D612D0BD51E0051320C /* Sources */,
				5CA15D622D0BD51E0051320C /* Frameworks */,
				5CA15D632D0BD51E0051320C /* Resources */,
			);
			buildRules = (
			);
			dependencies = (
				5CA15D672D0BD51E0051320C /* PBXTargetDependency */,
			);
			fileSystemSynchronizedGroups = (
				5CA15D682D0BD51E0051320C /* titanrest-finalTests */,
			);
			name = "titanrest-finalTests";
			packageProductDependencies = (
			);
			productName = "titanrest-finalTests";
			productReference = 5CA15D652D0BD51E0051320C /* titanrest-finalTests.xctest */;
			productType = "com.apple.product-type.bundle.unit-test";
		};
		5CA15D6E2D0BD51E0051320C /* titanrest-finalUITests */ = {
			isa = PBXNativeTarget;
			buildConfigurationList = 5CA15D7F2D0BD51E0051320C /* Build configuration list for PBXNativeTarget "titanrest-finalUITests" */;
			buildPhases = (
				5CA15D6B2D0BD51E0051320C /* Sources */,
				5CA15D6C2D0BD51E0051320C /* Frameworks */,
				5CA15D6D2D0BD51E0051320C /* Resources */,
			);
			buildRules = (
			);
			dependencies = (
				5CA15D712D0BD51E0051320C /* PBXTargetDependency */,
			);
			fileSystemSynchronizedGroups = (
				5CA15D722D0BD51E0051320C /* titanrest-finalUITests */,
			);
			name = "titanrest-finalUITests";
			packageProductDependencies = (
			);
			productName = "titanrest-finalUITests";
			productReference = 5CA15D6F2D0BD51E0051320C /* titanrest-finalUITests.xctest */;
			productType = "com.apple.product-type.bundle.ui-testing";
		};
/* End PBXNativeTarget section */

/* Begin PBXProject section */
		5CA15D482D0BD51B0051320C /* Project object */ = {
			isa = PBXProject;
			attributes = {
				BuildIndependentTargetsInParallel = 1;
				LastSwiftUpdateCheck = 1600;
				LastUpgradeCheck = 1600;
				TargetAttributes = {
					5CA15D4F2D0BD51B0051320C = {
						CreatedOnToolsVersion = 16.0;
					};
					5CA15D642D0BD51E0051320C = {
						CreatedOnToolsVersion = 16.0;
						TestTargetID = 5CA15D4F2D0BD51B0051320C;
					};
					5CA15D6E2D0BD51E0051320C = {
						CreatedOnToolsVersion = 16.0;
						TestTargetID = 5CA15D4F2D0BD51B0051320C;
					};
				};
			};
			buildConfigurationList = 5CA15D4B2D0BD51B0051320C /* Build configuration list for PBXProject "titanrest-final" */;
			developmentRegion = en;
			hasScannedForEncodings = 0;
			knownRegions = (
				en,
				Base,
			);
			mainGroup = 5CA15D472D0BD51B0051320C;
			minimizedProjectReferenceProxies = 1;
			preferredProjectObjectVersion = 77;
			productRefGroup = 5CA15D512D0BD51B0051320C /* Products */;
			projectDirPath = "";
			projectRoot = "";
			targets = (
				5CA15D4F2D0BD51B0051320C /* titanrest-final */,
				5CA15D642D0BD51E0051320C /* titanrest-finalTests */,
				5CA15D6E2D0BD51E0051320C /* titanrest-finalUITests */,
			);
		};
/* End PBXProject section */

/* Begin PBXResourcesBuildPhase section */
		5CA15D4E2D0BD51B0051320C /* Resources */ = {
			isa = PBXResourcesBuildPhase;
			buildActionMask = 2147483647;
			files = (
			);
			runOnlyForDeploymentPostprocessing = 0;
		};
		5CA15D632D0BD51E0051320C /* Resources */ = {
			isa = PBXResourcesBuildPhase;
			buildActionMask = 2147483647;
			files = (
			);
			runOnlyForDeploymentPostprocessing = 0;
		};
		5CA15D6D2D0BD51E0051320C /* Resources */ = {
			isa = PBXResourcesBuildPhase;
			buildActionMask = 2147483647;
			files = (
			);
			runOnlyForDeploymentPostprocessing = 0;
		};
/* End PBXResourcesBuildPhase section */

/* Begin PBXSourcesBuildPhase section */
		5CA15D4C2D0BD51B0051320C /* Sources */ = {
			isa = PBXSourcesBuildPhase;
			buildActionMask = 2147483647;
			files = (
			);
			runOnlyForDeploymentPostprocessing = 0;
		};
		5CA15D612D0BD51E0051320C /* Sources */ = {
			isa = PBXSourcesBuildPhase;
			buildActionMask = 2147483647;
			files = (
			);
			runOnlyForDeploymentPostprocessing = 0;
		};
		5CA15D6B2D0BD51E0051320C /* Sources */ = {
			isa = PBXSourcesBuildPhase;
			buildActionMask = 2147483647;
			files = (
			);
			runOnlyForDeploymentPostprocessing = 0;
		};
/* End PBXSourcesBuildPhase section */

/* Begin PBXTargetDependency section */
		5CA15D672D0BD51E0051320C /* PBXTargetDependency */ = {
			isa = PBXTargetDependency;
			target = 5CA15D4F2D0BD51B0051320C /* titanrest-final */;
			targetProxy = 5CA15D662D0BD51E0051320C /* PBXContainerItemProxy */;
		};
		5CA15D712D0BD51E0051320C /* PBXTargetDependency */ = {
			isa = PBXTargetDependency;
			target = 5CA15D4F2D0BD51B0051320C /* titanrest-final */;
			targetProxy = 5CA15D702D0BD51E0051320C /* PBXContainerItemProxy */;
		};
/* End PBXTargetDependency section */

/* Begin XCBuildConfiguration section */
		5CA15D772D0BD51E0051320C /* Debug */ = {
			isa = XCBuildConfiguration;
			buildSettings = {
				ALWAYS_SEARCH_USER_PATHS = NO;
				ASSETCATALOG_COMPILER_GENERATE_SWIFT_ASSET_SYMBOL_EXTENSIONS = YES;
				CLANG_ANALYZER_NONNULL = YES;
				CLANG_ANALYZER_NUMBER_OBJECT_CONVERSION = YES_AGGRESSIVE;
				CLANG_CXX_LANGUAGE_STANDARD = "gnu++20";
				CLANG_ENABLE_MODULES = YES;
				CLANG_ENABLE_OBJC_ARC = YES;
				CLANG_ENABLE_OBJC_WEAK = YES;
				CLANG_WARN_BLOCK_CAPTURE_AUTORELEASING = YES;
				CLANG_WARN_BOOL_CONVERSION = YES;
				CLANG_WARN_COMMA = YES;
				CLANG_WARN_CONSTANT_CONVERSION = YES;
				CLANG_WARN_DEPRECATED_OBJC_IMPLEMENTATIONS = YES;
				CLANG_WARN_DIRECT_OBJC_ISA_USAGE = YES_ERROR;
				CLANG_WARN_DOCUMENTATION_COMMENTS = YES;
				CLANG_WARN_EMPTY_BODY = YES;
				CLANG_WARN_ENUM_CONVERSION = YES;
				CLANG_WARN_INFINITE_RECURSION = YES;
				CLANG_WARN_INT_CONVERSION = YES;
				CLANG_WARN_NON_LITERAL_NULL_CONVERSION = YES;
				CLANG_WARN_OBJC_IMPLICIT_RETAIN_SELF = YES;
				CLANG_WARN_OBJC_LITERAL_CONVERSION = YES;
				CLANG_WARN_OBJC_ROOT_CLASS = YES_ERROR;
				CLANG_WARN_QUOTED_INCLUDE_IN_FRAMEWORK_HEADER = YES;
				CLANG_WARN_RANGE_LOOP_ANALYSIS = YES;
				CLANG_WARN_STRICT_PROTOTYPES = YES;
				CLANG_WARN_SUSPICIOUS_MOVE = YES;
				CLANG_WARN_UNGUARDED_AVAILABILITY = YES_AGGRESSIVE;
				CLANG_WARN_UNREACHABLE_CODE = YES;
				CLANG_WARN__DUPLICATE_METHOD_MATCH = YES;
				COPY_PHASE_STRIP = NO;
				DEBUG_INFORMATION_FORMAT = dwarf;
				ENABLE_STRICT_OBJC_MSGSEND = YES;
				ENABLE_TESTABILITY = YES;
				ENABLE_USER_SCRIPT_SANDBOXING = YES;
				GCC_C_LANGUAGE_STANDARD = gnu17;
				GCC_DYNAMIC_NO_PIC = NO;
				GCC_NO_COMMON_BLOCKS = YES;
				GCC_OPTIMIZATION_LEVEL = 0;
				GCC_PREPROCESSOR_DEFINITIONS = (
					"DEBUG=1",
					"$(inherited)",
				);
				GCC_WARN_64_TO_32_BIT_CONVERSION = YES;
				GCC_WARN_ABOUT_RETURN_TYPE = YES_ERROR;
				GCC_WARN_UNDECLARED_SELECTOR = YES;
				GCC_WARN_UNINITIALIZED_AUTOS = YES_AGGRESSIVE;
				GCC_WARN_UNUSED_FUNCTION = YES;
				GCC_WARN_UNUSED_VARIABLE = YES;
				IPHONEOS_DEPLOYMENT_TARGET = 18.0;
				LOCALIZATION_PREFERS_STRING_CATALOGS = YES;
				MTL_ENABLE_DEBUG_INFO = INCLUDE_SOURCE;
				MTL_FAST_MATH = YES;
				ONLY_ACTIVE_ARCH = YES;
				SDKROOT = iphoneos;
				SWIFT_ACTIVE_COMPILATION_CONDITIONS = "DEBUG $(inherited)";
				SWIFT_OPTIMIZATION_LEVEL = "-Onone";
			};
			name = Debug;
		};
		5CA15D782D0BD51E0051320C /* Release */ = {
			isa = XCBuildConfiguration;
			buildSettings = {
				ALWAYS_SEARCH_USER_PATHS = NO;
				ASSETCATALOG_COMPILER_GENERATE_SWIFT_ASSET_SYMBOL_EXTENSIONS = YES;
				CLANG_ANALYZER_NONNULL = YES;
				CLANG_ANALYZER_NUMBER_OBJECT_CONVERSION = YES_AGGRESSIVE;
				CLANG_CXX_LANGUAGE_STANDARD = "gnu++20";
				CLANG_ENABLE_MODULES = YES;
				CLANG_ENABLE_OBJC_ARC = YES;
				CLANG_ENABLE_OBJC_WEAK = YES;
				CLANG_WARN_BLOCK_CAPTURE_AUTORELEASING = YES;
				CLANG_WARN_BOOL_CONVERSION = YES;
				CLANG_WARN_COMMA = YES;
				CLANG_WARN_CONSTANT_CONVERSION = YES;
				CLANG_WARN_DEPRECATED_OBJC_IMPLEMENTATIONS = YES;
				CLANG_WARN_DIRECT_OBJC_ISA_USAGE = YES_ERROR;
				CLANG_WARN_DOCUMENTATION_COMMENTS = YES;
				CLANG_WARN_EMPTY_BODY = YES;
				CLANG_WARN_ENUM_CONVERSION = YES;
				CLANG_WARN_INFINITE_RECURSION = YES;
				CLANG_WARN_INT_CONVERSION = YES;
				CLANG_WARN_NON_LITERAL_NULL_CONVERSION = YES;
				CLANG_WARN_OBJC_IMPLICIT_RETAIN_SELF = YES;
				CLANG_WARN_OBJC_LITERAL_CONVERSION = YES;
				CLANG_WARN_OBJC_ROOT_CLASS = YES_ERROR;
				CLANG_WARN_QUOTED_INCLUDE_IN_FRAMEWORK_HEADER = YES;
				CLANG_WARN_RANGE_LOOP_ANALYSIS = YES;
				CLANG_WARN_STRICT_PROTOTYPES = YES;
				CLANG_WARN_SUSPICIOUS_MOVE = YES;
				CLANG_WARN_UNGUARDED_AVAILABILITY = YES_AGGRESSIVE;
				CLANG_WARN_UNREACHABLE_CODE = YES;
				CLANG_WARN__DUPLICATE_METHOD_MATCH = YES;
				COPY_PHASE_STRIP = NO;
				DEBUG_INFORMATION_FORMAT = "dwarf-with-dsym";
				ENABLE_NS_ASSERTIONS = NO;
				ENABLE_STRICT_OBJC_MSGSEND = YES;
				ENABLE_USER_SCRIPT_SANDBOXING = YES;
				GCC_C_LANGUAGE_STANDARD = gnu17;
				GCC_NO_COMMON_BLOCKS = YES;
				GCC_WARN_64_TO_32_BIT_CONVERSION = YES;
				GCC_WARN_ABOUT_RETURN_TYPE = YES_ERROR;
				GCC_WARN_UNDECLARED_SELECTOR = YES;
				GCC_WARN_UNINITIALIZED_AUTOS = YES_AGGRESSIVE;
				GCC_WARN_UNUSED_FUNCTION = YES;
				GCC_WARN_UNUSED_VARIABLE = YES;
				IPHONEOS_DEPLOYMENT_TARGET = 18.0;
				LOCALIZATION_PREFERS_STRING_CATALOGS = YES;
				MTL_ENABLE_DEBUG_INFO = NO;
				MTL_FAST_MATH = YES;
				SDKROOT = iphoneos;
				SWIFT_COMPILATION_MODE = wholemodule;
				VALIDATE_PRODUCT = YES;
			};
			name = Release;
		};
		5CA15D7A2D0BD51E0051320C /* Debug */ = {
			isa = XCBuildConfiguration;
			buildSettings = {
				ASSETCATALOG_COMPILER_APPICON_NAME = AppIcon;
				ASSETCATALOG_COMPILER_GLOBAL_ACCENT_COLOR_NAME = AccentColor;
				CODE_SIGN_STYLE = Automatic;
				CURRENT_PROJECT_VERSION = 1;
				DEVELOPMENT_ASSET_PATHS = "\"titanrest-final/Preview Content\"";
				ENABLE_PREVIEWS = YES;
				GENERATE_INFOPLIST_FILE = YES;
				INFOPLIST_KEY_UIApplicationSceneManifest_Generation = YES;
				INFOPLIST_KEY_UIApplicationSupportsIndirectInputEvents = YES;
				INFOPLIST_KEY_UILaunchScreen_Generation = YES;
				INFOPLIST_KEY_UISupportedInterfaceOrientations_iPad = "UIInterfaceOrientationPortrait UIInterfaceOrientationPortraitUpsideDown UIInterfaceOrientationLandscapeLeft UIInterfaceOrientationLandscapeRight";
				INFOPLIST_KEY_UISupportedInterfaceOrientations_iPhone = "UIInterfaceOrientationPortrait UIInterfaceOrientationLandscapeLeft UIInterfaceOrientationLandscapeRight";
				LD_RUNPATH_SEARCH_PATHS = (
					"$(inherited)",
					"@executable_path/Frameworks",
				);
				MARKETING_VERSION = 1.0;
				PRODUCT_BUNDLE_IDENTIFIER = "nathanchamorro.titanrest-final";
				PRODUCT_NAME = "$(TARGET_NAME)";
				SWIFT_EMIT_LOC_STRINGS = YES;
				SWIFT_VERSION = 5.0;
				TARGETED_DEVICE_FAMILY = "1,2";
			};
			name = Debug;
		};
		5CA15D7B2D0BD51E0051320C /* Release */ = {
			isa = XCBuildConfiguration;
			buildSettings = {
				ASSETCATALOG_COMPILER_APPICON_NAME = AppIcon;
				ASSETCATALOG_COMPILER_GLOBAL_ACCENT_COLOR_NAME = AccentColor;
				CODE_SIGN_STYLE = Automatic;
				CURRENT_PROJECT_VERSION = 1;
				DEVELOPMENT_ASSET_PATHS = "\"titanrest-final/Preview Content\"";
				ENABLE_PREVIEWS = YES;
				GENERATE_INFOPLIST_FILE = YES;
				INFOPLIST_KEY_UIApplicationSceneManifest_Generation = YES;
				INFOPLIST_KEY_UIApplicationSupportsIndirectInputEvents = YES;
				INFOPLIST_KEY_UILaunchScreen_Generation = YES;
				INFOPLIST_KEY_UISupportedInterfaceOrientations_iPad = "UIInterfaceOrientationPortrait UIInterfaceOrientationPortraitUpsideDown UIInterfaceOrientationLandscapeLeft UIInterfaceOrientationLandscapeRight";
				INFOPLIST_KEY_UISupportedInterfaceOrientations_iPhone = "UIInterfaceOrientationPortrait UIInterfaceOrientationLandscapeLeft UIInterfaceOrientationLandscapeRight";
				LD_RUNPATH_SEARCH_PATHS = (
					"$(inherited)",
					"@executable_path/Frameworks",
				);
				MARKETING_VERSION = 1.0;
				PRODUCT_BUNDLE_IDENTIFIER = "nathanchamorro.titanrest-final";
				PRODUCT_NAME = "$(TARGET_NAME)";
				SWIFT_EMIT_LOC_STRINGS = YES;
				SWIFT_VERSION = 5.0;
				TARGETED_DEVICE_FAMILY = "1,2";
			};
			name = Release;
		};
		5CA15D7D2D0BD51E0051320C /* Debug */ = {
			isa = XCBuildConfiguration;
			buildSettings = {
				BUNDLE_LOADER = "$(TEST_HOST)";
				CODE_SIGN_STYLE = Automatic;
				CURRENT_PROJECT_VERSION = 1;
				GENERATE_INFOPLIST_FILE = YES;
				IPHONEOS_DEPLOYMENT_TARGET = 18.0;
				MARKETING_VERSION = 1.0;
				PRODUCT_BUNDLE_IDENTIFIER = "nathanchamorro.titanrest-finalTests";
				PRODUCT_NAME = "$(TARGET_NAME)";
				SWIFT_EMIT_LOC_STRINGS = NO;
				SWIFT_VERSION = 5.0;
				TARGETED_DEVICE_FAMILY = "1,2";
				TEST_HOST = "$(BUILT_PRODUCTS_DIR)/titanrest-final.app/$(BUNDLE_EXECUTABLE_FOLDER_PATH)/titanrest-final";
			};
			name = Debug;
		};
		5CA15D7E2D0BD51E0051320C /* Release */ = {
			isa = XCBuildConfiguration;
			buildSettings = {
				BUNDLE_LOADER = "$(TEST_HOST)";
				CODE_SIGN_STYLE = Automatic;
				CURRENT_PROJECT_VERSION = 1;
				GENERATE_INFOPLIST_FILE = YES;
				IPHONEOS_DEPLOYMENT_TARGET = 18.0;
				MARKETING_VERSION = 1.0;
				PRODUCT_BUNDLE_IDENTIFIER = "nathanchamorro.titanrest-finalTests";
				PRODUCT_NAME = "$(TARGET_NAME)";
				SWIFT_EMIT_LOC_STRINGS = NO;
				SWIFT_VERSION = 5.0;
				TARGETED_DEVICE_FAMILY = "1,2";
				TEST_HOST = "$(BUILT_PRODUCTS_DIR)/titanrest-final.app/$(BUNDLE_EXECUTABLE_FOLDER_PATH)/titanrest-final";
			};
			name = Release;
		};
		5CA15D802D0BD51E0051320C /* Debug */ = {
			isa = XCBuildConfiguration;
			buildSettings = {
				CODE_SIGN_STYLE = Automatic;
				CURRENT_PROJECT_VERSION = 1;
				GENERATE_INFOPLIST_FILE = YES;
				MARKETING_VERSION = 1.0;
				PRODUCT_BUNDLE_IDENTIFIER = "nathanchamorro.titanrest-finalUITests";
				PRODUCT_NAME = "$(TARGET_NAME)";
				SWIFT_EMIT_LOC_STRINGS = NO;
				SWIFT_VERSION = 5.0;
				TARGETED_DEVICE_FAMILY = "1,2";
				TEST_TARGET_NAME = "titanrest-final";
			};
			name = Debug;
		};
		5CA15D812D0BD51E0051320C /* Release */ = {
			isa = XCBuildConfiguration;
			buildSettings = {
				CODE_SIGN_STYLE = Automatic;
				CURRENT_PROJECT_VERSION = 1;
				GENERATE_INFOPLIST_FILE = YES;
				MARKETING_VERSION = 1.0;
				PRODUCT_BUNDLE_IDENTIFIER = "nathanchamorro.titanrest-finalUITests";
				PRODUCT_NAME = "$(TARGET_NAME)";
				SWIFT_EMIT_LOC_STRINGS = NO;
				SWIFT_VERSION = 5.0;
				TARGETED_DEVICE_FAMILY = "1,2";
				TEST_TARGET_NAME = "titanrest-final";
			};
			name = Release;
		};
/* End XCBuildConfiguration section */

/* Begin XCConfigurationList section */
		5CA15D4B2D0BD51B0051320C /* Build configuration list for PBXProject "titanrest-final" */ = {
			isa = XCConfigurationList;
			buildConfigurations = (
				5CA15D772D0BD51E0051320C /* Debug */,
				5CA15D782D0BD51E0051320C /* Release */,
			);
			defaultConfigurationIsVisible = 0;
			defaultConfigurationName = Release;
		};
		5CA15D792D0BD51E0051320C /* Build configuration list for PBXNativeTarget "titanrest-final" */ = {
			isa = XCConfigurationList;
			buildConfigurations = (
				5CA15D7A2D0BD51E0051320C /* Debug */,
				5CA15D7B2D0BD51E0051320C /* Release */,
			);
			defaultConfigurationIsVisible = 0;
			defaultConfigurationName = Release;
		};
		5CA15D7C2D0BD51E0051320C /* Build configuration list for PBXNativeTarget "titanrest-finalTests" */ = {
			isa = XCConfigurationList;
			buildConfigurations = (
				5CA15D7D2D0BD51E0051320C /* Debug */,
				5CA15D7E2D0BD51E0051320C /* Release */,
			);
			defaultConfigurationIsVisible = 0;
			defaultConfigurationName = Release;
		};
		5CA15D7F2D0BD51E0051320C /* Build configuration list for PBXNativeTarget "titanrest-finalUITests" */ = {
			isa = XCConfigurationList;
			buildConfigurations = (
				5CA15D802D0BD51E0051320C /* Debug */,
				5CA15D812D0BD51E0051320C /* Release */,
			);
			defaultConfigurationIsVisible = 0;
			defaultConfigurationName = Release;
		};
/* End XCConfigurationList section */
	};
	rootObject = 5CA15D482D0BD51B0051320C /* Project object */;
}
